
Microsoft Visual Studio Solution File, Format Version 12.00
# Visual Studio Version 17
VisualStudioVersion = 17.7.34031.279
MinimumVisualStudioVersion = 10.0.40219.1
Project("{FAE04EC0-301F-11D3-BF4B-00C04F79EFBC}") = "GestionClientes", "GestionClientes\GestionClientes.csproj", "{6178DB4E-EDF8-4F26-8387-6DAD2693987A}"
EndProject
Global
	GlobalSection(SolutionConfigurationPlatforms) = preSolution
		Debug|Any CPU = Debug|Any CPU
		Release|Any CPU = Release|Any CPU
	EndGlobalSection
	GlobalSection(ProjectConfigurationPlatforms) = postSolution
		{6178DB4E-EDF8-4F26-8387-6DAD2693987A}.Debug|Any CPU.ActiveCfg = Debug|Any CPU
		{6178DB4E-EDF8-4F26-8387-6DAD2693987A}.Debug|Any CPU.Build.0 = Debug|Any CPU
		{6178DB4E-EDF8-4F26-8387-6DAD2693987A}.Release|Any CPU.ActiveCfg = Release|Any CPU
		{6178DB4E-EDF8-4F26-8387-6DAD2693987A}.Release|Any CPU.Build.0 = Release|Any CPU
	EndGlobalSection
	GlobalSection(SolutionProperties) = preSolution
		HideSolutionNode = FALSE
	EndGlobalSection
	GlobalSection(ExtensibilityGlobals) = postSolution
		SolutionGuid = {3CD21340-96C4-41C4-BAF8-141A0FB42F7A}
	EndGlobalSection
EndGlobal
